Microsoft Visual Studio Solution File, Format Version 12.00
# Visual Studio Version 17
VisualStudioVersion = 17.5.2.0
MinimumVisualStudioVersion = 10.0.40219.1
Project("{FAE04EC0-301F-11D3-BF4B-00C04F79EFBC}") = "UtilityBillingCalculator", "UtilityBillingCalculator\UtilityBillingCalculator.csproj", "{F982F728-558E-234D-DC4C-AB8F71AEE94E}"
EndProject
Global
	GlobalSection(SolutionConfigurationPlatforms) = preSolution
		Debug|Any CPU = Debug|Any CPU
		Release|Any CPU = Release|Any CPU
	EndGlobalSection
	GlobalSection(ProjectConfigurationPlatforms) = postSolution
		{F982F728-558E-234D-DC4C-AB8F71AEE94E}.Debug|Any CPU.ActiveCfg = Debug|Any CPU
		{F982F728-558E-234D-DC4C-AB8F71AEE94E}.Debug|Any CPU.Build.0 = Debug|Any CPU
		{F982F728-558E-234D-DC4C-AB8F71AEE94E}.Release|Any CPU.ActiveCfg = Release|Any CPU
		{F982F728-558E-234D-DC4C-AB8F71AEE94E}.Release|Any CPU.Build.0 = Release|Any CPU
	EndGlobalSection
	GlobalSection(SolutionProperties) = preSolution
		HideSolutionNode = FALSE
	EndGlobalSection
	GlobalSection(ExtensibilityGlobals) = postSolution
		SolutionGuid = {2BCA7A2A-03F2-43BC-8303-6B0EAE90A016}
	EndGlobalSection
EndGlobal
